// !$*UTF8*$!
{
	archiveVersion = 1;
	classes = {
	};
	objectVersion = 52;
	objects = {

/* Begin PBXBuildFile section */
		7E061EAD24C8CB0900F66269 /* IngredientDetailsView.swift in Sources */ = {isa = PBXBuildFile; fileRef = 7E061EAC24C8CB0900F66269 /* IngredientDetailsView.swift */; };
		7E4F34CF24E4525B00F165DB /* SingleUnit.swift in Sources */ = {isa = PBXBuildFile; fileRef = 7E4F34CE24E4525B00F165DB /* SingleUnit.swift */; };
		7E4F34D124E9BC9E00F165DB /* homeHelloView.swift in Sources */ = {isa = PBXBuildFile; fileRef = 7E4F34D024E9BC9E00F165DB /* homeHelloView.swift */; };
		7E4F34D324EC4BDF00F165DB /* curvedTabBar.swift in Sources */ = {isa = PBXBuildFile; fileRef = 7E4F34D224EC4BDF00F165DB /* curvedTabBar.swift */; };
		7E4F34D524EDE76500F165DB /* tabBar.swift in Sources */ = {isa = PBXBuildFile; fileRef = 7E4F34D424EDE76500F165DB /* tabBar.swift */; };
		7E61CCAD24E201AE00BC1689 /* recurringPicker.swift in Sources */ = {isa = PBXBuildFile; fileRef = 7E61CCAC24E201AE00BC1689 /* recurringPicker.swift */; };
		7E9751CD24CB824700298845 /* PopupView in Frameworks */ = {isa = PBXBuildFile; productRef = 7E9751CC24CB824700298845 /* PopupView */; };
		7E9751CF24CCAB0200298845 /* AddIngredientView.swift in Sources */ = {isa = PBXBuildFile; fileRef = 7E9751CE24CCAB0200298845 /* AddIngredientView.swift */; };
		7E9751D224CCAB4400298845 /* topBar.swift in Sources */ = {isa = PBXBuildFile; fileRef = 7E9751D124CCAB4400298845 /* topBar.swift */; };
		7E9751D424CCAB7F00298845 /* quantityPicker.swift in Sources */ = {isa = PBXBuildFile; fileRef = 7E9751D324CCAB7F00298845 /* quantityPicker.swift */; };
		7E9751D624CCABB400298845 /* statusSelection.swift in Sources */ = {isa = PBXBuildFile; fileRef = 7E9751D524CCABB400298845 /* statusSelection.swift */; };
		7E9751D824CCABF500298845 /* nameTextField.swift in Sources */ = {isa = PBXBuildFile; fileRef = 7E9751D724CCABF500298845 /* nameTextField.swift */; };
		7E9751DA24CCADD800298845 /* expiresPicker.swift in Sources */ = {isa = PBXBuildFile; fileRef = 7E9751D924CCADD800298845 /* expiresPicker.swift */; };
		7E9751DC24CCAE3200298845 /* categoryPicker.swift in Sources */ = {isa = PBXBuildFile; fileRef = 7E9751DB24CCAE3200298845 /* categoryPicker.swift */; };
		7E98452824BE17D200CC5309 /* ColorExtension.swift in Sources */ = {isa = PBXBuildFile; fileRef = 7E98452724BE17D200CC5309 /* ColorExtension.swift */; };
		7ECAFF1A24F1C8E000B53F3A /* miniHeader.swift in Sources */ = {isa = PBXBuildFile; fileRef = 7ECAFF1924F1C8E000B53F3A /* miniHeader.swift */; };
		7ECAFF1C24F5745B00B53F3A /* fullHeader.swift in Sources */ = {isa = PBXBuildFile; fileRef = 7ECAFF1B24F5745B00B53F3A /* fullHeader.swift */; };
		7ECAFF1E24F6E34200B53F3A /* viewRouter.swift in Sources */ = {isa = PBXBuildFile; fileRef = 7ECAFF1D24F6E34200B53F3A /* viewRouter.swift */; };
		7ECAFF2024F6F24100B53F3A /* AddRecipeView.swift in Sources */ = {isa = PBXBuildFile; fileRef = 7ECAFF1F24F6F24100B53F3A /* AddRecipeView.swift */; };
		7ECAFF2224F723A300B53F3A /* DurationPicker.swift in Sources */ = {isa = PBXBuildFile; fileRef = 7ECAFF2124F723A300B53F3A /* DurationPicker.swift */; };
		7ECAFF2424F72D6500B53F3A /* prepAndCookTimeDisplay.swift in Sources */ = {isa = PBXBuildFile; fileRef = 7ECAFF2324F72D6500B53F3A /* prepAndCookTimeDisplay.swift */; };
		7ED5179B24BCB51C0023FB79 /* AppDelegate.swift in Sources */ = {isa = PBXBuildFile; fileRef = 7ED5179A24BCB51C0023FB79 /* AppDelegate.swift */; };
		7ED5179D24BCB51C0023FB79 /* SceneDelegate.swift in Sources */ = {isa = PBXBuildFile; fileRef = 7ED5179C24BCB51C0023FB79 /* SceneDelegate.swift */; };
		7ED517A024BCB51C0023FB79 /* PantryApp.xcdatamodeld in Sources */ = {isa = PBXBuildFile; fileRef = 7ED5179E24BCB51C0023FB79 /* PantryApp.xcdatamodeld */; };
		7ED517A224BCB51C0023FB79 /* HomeView.swift in Sources */ = {isa = PBXBuildFile; fileRef = 7ED517A124BCB51C0023FB79 /* HomeView.swift */; };
		7ED517A424BCB51E0023FB79 /* Assets.xcassets in Resources */ = {isa = PBXBuildFile; fileRef = 7ED517A324BCB51E0023FB79 /* Assets.xcassets */; };
		7ED517A724BCB51E0023FB79 /* Preview Assets.xcassets in Resources */ = {isa = PBXBuildFile; fileRef = 7ED517A624BCB51E0023FB79 /* Preview Assets.xcassets */; };
		7ED517AA24BCB51E0023FB79 /* LaunchScreen.storyboard in Resources */ = {isa = PBXBuildFile; fileRef = 7ED517A824BCB51E0023FB79 /* LaunchScreen.storyboard */; };
		7ED517B524BCB51E0023FB79 /* PantryAppTests.swift in Sources */ = {isa = PBXBuildFile; fileRef = 7ED517B424BCB51E0023FB79 /* PantryAppTests.swift */; };
		7ED517C024BCB51E0023FB79 /* PantryAppUITests.swift in Sources */ = {isa = PBXBuildFile; fileRef = 7ED517BF24BCB51E0023FB79 /* PantryAppUITests.swift */; };
		7ED517CE24BCBE8E0023FB79 /* PantryModel.swift in Sources */ = {isa = PBXBuildFile; fileRef = 7ED517CD24BCBE8E0023FB79 /* PantryModel.swift */; };
		7ED517D024BCFEE20023FB79 /* PantryViewModel.swift in Sources */ = {isa = PBXBuildFile; fileRef = 7ED517CF24BCFEE20023FB79 /* PantryViewModel.swift */; };
/* End PBXBuildFile section */

/* Begin PBXContainerItemProxy section */
		7ED517B124BCB51E0023FB79 /* PBXContainerItemProxy */ = {
			isa = PBXContainerItemProxy;
			containerPortal = 7ED5178F24BCB51C0023FB79 /* Project object */;
			proxyType = 1;
			remoteGlobalIDString = 7ED5179624BCB51C0023FB79;
			remoteInfo = PantryApp;
		};
		7ED517BC24BCB51E0023FB79 /* PBXContainerItemProxy */ = {
			isa = PBXContainerItemProxy;
			containerPortal = 7ED5178F24BCB51C0023FB79 /* Project object */;
			proxyType = 1;
			remoteGlobalIDString = 7ED5179624BCB51C0023FB79;
			remoteInfo = PantryApp;
		};
/* End PBXContainerItemProxy section */

/* Begin PBXFileReference section */
		7E061EAC24C8CB0900F66269 /* IngredientDetailsView.swift */ = {isa = PBXFileReference; lastKnownFileType = sourcecode.swift; path = IngredientDetailsView.swift; sourceTree = "<group>"; };
		7E4F34CE24E4525B00F165DB /* SingleUnit.swift */ = {isa = PBXFileReference; lastKnownFileType = sourcecode.swift; path = SingleUnit.swift; sourceTree = "<group>"; };
		7E4F34D024E9BC9E00F165DB /* homeHelloView.swift */ = {isa = PBXFileReference; lastKnownFileType = sourcecode.swift; path = homeHelloView.swift; sourceTree = "<group>"; };
		7E4F34D224EC4BDF00F165DB /* curvedTabBar.swift */ = {isa = PBXFileReference; lastKnownFileType = sourcecode.swift; path = curvedTabBar.swift; sourceTree = "<group>"; };
		7E4F34D424EDE76500F165DB /* tabBar.swift */ = {isa = PBXFileReference; lastKnownFileType = sourcecode.swift; path = tabBar.swift; sourceTree = "<group>"; };
		7E61CCAC24E201AE00BC1689 /* recurringPicker.swift */ = {isa = PBXFileReference; lastKnownFileType = sourcecode.swift; path = recurringPicker.swift; sourceTree = "<group>"; };
		7E9751CE24CCAB0200298845 /* AddIngredientView.swift */ = {isa = PBXFileReference; lastKnownFileType = sourcecode.swift; path = AddIngredientView.swift; sourceTree = "<group>"; };
		7E9751D124CCAB4400298845 /* topBar.swift */ = {isa = PBXFileReference; lastKnownFileType = sourcecode.swift; path = topBar.swift; sourceTree = "<group>"; };
		7E9751D324CCAB7F00298845 /* quantityPicker.swift */ = {isa = PBXFileReference; lastKnownFileType = sourcecode.swift; path = quantityPicker.swift; sourceTree = "<group>"; };
		7E9751D524CCABB400298845 /* statusSelection.swift */ = {isa = PBXFileReference; lastKnownFileType = sourcecode.swift; path = statusSelection.swift; sourceTree = "<group>"; };
		7E9751D724CCABF500298845 /* nameTextField.swift */ = {isa = PBXFileReference; lastKnownFileType = sourcecode.swift; path = nameTextField.swift; sourceTree = "<group>"; };
		7E9751D924CCADD800298845 /* expiresPicker.swift */ = {isa = PBXFileReference; lastKnownFileType = sourcecode.swift; path = expiresPicker.swift; sourceTree = "<group>"; };
		7E9751DB24CCAE3200298845 /* categoryPicker.swift */ = {isa = PBXFileReference; lastKnownFileType = sourcecode.swift; path = categoryPicker.swift; sourceTree = "<group>"; };
		7E98452724BE17D200CC5309 /* ColorExtension.swift */ = {isa = PBXFileReference; lastKnownFileType = sourcecode.swift; path = ColorExtension.swift; sourceTree = "<group>"; };
		7ECAFF1924F1C8E000B53F3A /* miniHeader.swift */ = {isa = PBXFileReference; lastKnownFileType = sourcecode.swift; path = miniHeader.swift; sourceTree = "<group>"; };
		7ECAFF1B24F5745B00B53F3A /* fullHeader.swift */ = {isa = PBXFileReference; lastKnownFileType = sourcecode.swift; path = fullHeader.swift; sourceTree = "<group>"; };
		7ECAFF1D24F6E34200B53F3A /* viewRouter.swift */ = {isa = PBXFileReference; lastKnownFileType = sourcecode.swift; path = viewRouter.swift; sourceTree = "<group>"; };
		7ECAFF1F24F6F24100B53F3A /* AddRecipeView.swift */ = {isa = PBXFileReference; lastKnownFileType = sourcecode.swift; path = AddRecipeView.swift; sourceTree = "<group>"; };
		7ECAFF2124F723A300B53F3A /* DurationPicker.swift */ = {isa = PBXFileReference; lastKnownFileType = sourcecode.swift; path = DurationPicker.swift; sourceTree = "<group>"; };
		7ECAFF2324F72D6500B53F3A /* prepAndCookTimeDisplay.swift */ = {isa = PBXFileReference; lastKnownFileType = sourcecode.swift; path = prepAndCookTimeDisplay.swift; sourceTree = "<group>"; };
		7ED5179724BCB51C0023FB79 /* PantryApp.app */ = {isa = PBXFileReference; explicitFileType = wrapper.application; includeInIndex = 0; path = PantryApp.app; sourceTree = BUILT_PRODUCTS_DIR; };
		7ED5179A24BCB51C0023FB79 /* AppDelegate.swift */ = {isa = PBXFileReference; lastKnownFileType = sourcecode.swift; path = AppDelegate.swift; sourceTree = "<group>"; };
		7ED5179C24BCB51C0023FB79 /* SceneDelegate.swift */ = {isa = PBXFileReference; lastKnownFileType = sourcecode.swift; path = SceneDelegate.swift; sourceTree = "<group>"; };
		7ED5179F24BCB51C0023FB79 /* PantryApp.xcdatamodel */ = {isa = PBXFileReference; lastKnownFileType = wrapper.xcdatamodel; path = PantryApp.xcdatamodel; sourceTree = "<group>"; };
		7ED517A124BCB51C0023FB79 /* HomeView.swift */ = {isa = PBXFileReference; lastKnownFileType = sourcecode.swift; path = HomeView.swift; sourceTree = "<group>"; };
		7ED517A324BCB51E0023FB79 /* Assets.xcassets */ = {isa = PBXFileReference; lastKnownFileType = folder.assetcatalog; path = Assets.xcassets; sourceTree = "<group>"; };
		7ED517A624BCB51E0023FB79 /* Preview Assets.xcassets */ = {isa = PBXFileReference; lastKnownFileType = folder.assetcatalog; path = "Preview Assets.xcassets"; sourceTree = "<group>"; };
		7ED517A924BCB51E0023FB79 /* Base */ = {isa = PBXFileReference; lastKnownFileType = file.storyboard; name = Base; path = Base.lproj/LaunchScreen.storyboard; sourceTree = "<group>"; };
		7ED517AB24BCB51E0023FB79 /* Info.plist */ = {isa = PBXFileReference; lastKnownFileType = text.plist.xml; path = Info.plist; sourceTree = "<group>"; };
		7ED517B024BCB51E0023FB79 /* PantryAppTests.xctest */ = {isa = PBXFileReference; explicitFileType = wrapper.cfbundle; includeInIndex = 0; path = PantryAppTests.xctest; sourceTree = BUILT_PRODUCTS_DIR; };
		7ED517B424BCB51E0023FB79 /* PantryAppTests.swift */ = {isa = PBXFileReference; lastKnownFileType = sourcecode.swift; path = PantryAppTests.swift; sourceTree = "<group>"; };
		7ED517B624BCB51E0023FB79 /* Info.plist */ = {isa = PBXFileReference; lastKnownFileType = text.plist.xml; path = Info.plist; sourceTree = "<group>"; };
		7ED517BB24BCB51E0023FB79 /* PantryAppUITests.xctest */ = {isa = PBXFileReference; explicitFileType = wrapper.cfbundle; includeInIndex = 0; path = PantryAppUITests.xctest; sourceTree = BUILT_PRODUCTS_DIR; };
		7ED517BF24BCB51E0023FB79 /* PantryAppUITests.swift */ = {isa = PBXFileReference; lastKnownFileType = sourcecode.swift; path = PantryAppUITests.swift; sourceTree = "<group>"; };
		7ED517C124BCB51E0023FB79 /* Info.plist */ = {isa = PBXFileReference; lastKnownFileType = text.plist.xml; path = Info.plist; sourceTree = "<group>"; };
		7ED517CD24BCBE8E0023FB79 /* PantryModel.swift */ = {isa = PBXFileReference; lastKnownFileType = sourcecode.swift; path = PantryModel.swift; sourceTree = "<group>"; };
		7ED517CF24BCFEE20023FB79 /* PantryViewModel.swift */ = {isa = PBXFileReference; lastKnownFileType = sourcecode.swift; path = PantryViewModel.swift; sourceTree = "<group>"; };
/* End PBXFileReference section */

/* Begin PBXFrameworksBuildPhase section */
		7ED5179424BCB51C0023FB79 /* Frameworks */ = {
			isa = PBXFrameworksBuildPhase;
			buildActionMask = 2147483647;
			files = (
				7E9751CD24CB824700298845 /* PopupView in Frameworks */,
			);
			runOnlyForDeploymentPostprocessing = 0;
		};
		7ED517AD24BCB51E0023FB79 /* Frameworks */ = {
			isa = PBXFrameworksBuildPhase;
			buildActionMask = 2147483647;
			files = (
			);
			runOnlyForDeploymentPostprocessing = 0;
		};
		7ED517B824BCB51E0023FB79 /* Frameworks */ = {
			isa = PBXFrameworksBuildPhase;
			buildActionMask = 2147483647;
			files = (
			);
			runOnlyForDeploymentPostprocessing = 0;
		};
/* End PBXFrameworksBuildPhase section */

/* Begin PBXGroup section */
		7E2D7CA724C8BB52007216CF /* Models */ = {
			isa = PBXGroup;
			children = (
				7ED517CD24BCBE8E0023FB79 /* PantryModel.swift */,
			);
			path = Models;
			sourceTree = "<group>";
		};
		7E2D7CA824C8BB6F007216CF /* ViewModels */ = {
			isa = PBXGroup;
			children = (
				7ED517CF24BCFEE20023FB79 /* PantryViewModel.swift */,
			);
			path = ViewModels;
			sourceTree = "<group>";
		};
		7E2D7CAA24C8BBB1007216CF /* Views */ = {
			isa = PBXGroup;
			children = (
				7E9751D024CCAB1900298845 /* Components */,
				7E061EAC24C8CB0900F66269 /* IngredientDetailsView.swift */,
				7E9751CE24CCAB0200298845 /* AddIngredientView.swift */,
				7ECAFF1F24F6F24100B53F3A /* AddRecipeView.swift */,
				7ED517A124BCB51C0023FB79 /* HomeView.swift */,
			);
			path = Views;
			sourceTree = "<group>";
		};
		7E9751D024CCAB1900298845 /* Components */ = {
			isa = PBXGroup;
			children = (
				7E9751D124CCAB4400298845 /* topBar.swift */,
				7E9751D324CCAB7F00298845 /* quantityPicker.swift */,
				7ECAFF2124F723A300B53F3A /* DurationPicker.swift */,
				7E9751D524CCABB400298845 /* statusSelection.swift */,
				7E9751D724CCABF500298845 /* nameTextField.swift */,
				7E9751D924CCADD800298845 /* expiresPicker.swift */,
				7E9751DB24CCAE3200298845 /* categoryPicker.swift */,
				7E61CCAC24E201AE00BC1689 /* recurringPicker.swift */,
				7E4F34D024E9BC9E00F165DB /* homeHelloView.swift */,
				7E4F34D224EC4BDF00F165DB /* curvedTabBar.swift */,
				7ECAFF1924F1C8E000B53F3A /* miniHeader.swift */,
				7ECAFF1B24F5745B00B53F3A /* fullHeader.swift */,
				7E4F34D424EDE76500F165DB /* tabBar.swift */,
				7ECAFF1D24F6E34200B53F3A /* viewRouter.swift */,
				7ECAFF2324F72D6500B53F3A /* prepAndCookTimeDisplay.swift */,
			);
			path = Components;
			sourceTree = "<group>";
		};
		7E98452624BE17B200CC5309 /* Resources */ = {
			isa = PBXGroup;
			children = (
				7E98452724BE17D200CC5309 /* ColorExtension.swift */,
				7E4F34CE24E4525B00F165DB /* SingleUnit.swift */,
			);
			path = Resources;
			sourceTree = "<group>";
		};
		7ED5178E24BCB51C0023FB79 = {
			isa = PBXGroup;
			children = (
				7ED5179924BCB51C0023FB79 /* PantryApp */,
				7ED517B324BCB51E0023FB79 /* PantryAppTests */,
				7ED517BE24BCB51E0023FB79 /* PantryAppUITests */,
				7ED5179824BCB51C0023FB79 /* Products */,
			);
			sourceTree = "<group>";
		};
		7ED5179824BCB51C0023FB79 /* Products */ = {
			isa = PBXGroup;
			children = (
				7ED5179724BCB51C0023FB79 /* PantryApp.app */,
				7ED517B024BCB51E0023FB79 /* PantryAppTests.xctest */,
				7ED517BB24BCB51E0023FB79 /* PantryAppUITests.xctest */,
			);
			name = Products;
			sourceTree = "<group>";
		};
		7ED5179924BCB51C0023FB79 /* PantryApp */ = {
			isa = PBXGroup;
			children = (
				7E2D7CAA24C8BBB1007216CF /* Views */,
				7E2D7CA824C8BB6F007216CF /* ViewModels */,
				7E2D7CA724C8BB52007216CF /* Models */,
				7ED517A324BCB51E0023FB79 /* Assets.xcassets */,
				7ED517A824BCB51E0023FB79 /* LaunchScreen.storyboard */,
				7ED517AB24BCB51E0023FB79 /* Info.plist */,
				7ED5179E24BCB51C0023FB79 /* PantryApp.xcdatamodeld */,
				7ED5179A24BCB51C0023FB79 /* AppDelegate.swift */,
				7ED5179C24BCB51C0023FB79 /* SceneDelegate.swift */,
				7E98452624BE17B200CC5309 /* Resources */,
				7ED517A524BCB51E0023FB79 /* Preview Content */,
			);
			path = PantryApp;
			sourceTree = "<group>";
		};
		7ED517A524BCB51E0023FB79 /* Preview Content */ = {
			isa = PBXGroup;
			children = (
				7ED517A624BCB51E0023FB79 /* Preview Assets.xcassets */,
			);
			path = "Preview Content";
			sourceTree = "<group>";
		};
		7ED517B324BCB51E0023FB79 /* PantryAppTests */ = {
			isa = PBXGroup;
			children = (
				7ED517B424BCB51E0023FB79 /* PantryAppTests.swift */,
				7ED517B624BCB51E0023FB79 /* Info.plist */,
			);
			path = PantryAppTests;
			sourceTree = "<group>";
		};
		7ED517BE24BCB51E0023FB79 /* PantryAppUITests */ = {
			isa = PBXGroup;
			children = (
				7ED517BF24BCB51E0023FB79 /* PantryAppUITests.swift */,
				7ED517C124BCB51E0023FB79 /* Info.plist */,
			);
			path = PantryAppUITests;
			sourceTree = "<group>";
		};
/* End PBXGroup section */

/* Begin PBXNativeTarget section */
		7ED5179624BCB51C0023FB79 /* PantryApp */ = {
			isa = PBXNativeTarget;
			buildConfigurationList = 7ED517C424BCB51E0023FB79 /* Build configuration list for PBXNativeTarget "PantryApp" */;
			buildPhases = (
				7ED5179324BCB51C0023FB79 /* Sources */,
				7ED5179424BCB51C0023FB79 /* Frameworks */,
				7ED5179524BCB51C0023FB79 /* Resources */,
			);
			buildRules = (
			);
			dependencies = (
			);
			name = PantryApp;
			packageProductDependencies = (
				7E9751CC24CB824700298845 /* PopupView */,
			);
			productName = PantryApp;
			productReference = 7ED5179724BCB51C0023FB79 /* PantryApp.app */;
			productType = "com.apple.product-type.application";
		};
		7ED517AF24BCB51E0023FB79 /* PantryAppTests */ = {
			isa = PBXNativeTarget;
			buildConfigurationList = 7ED517C724BCB51E0023FB79 /* Build configuration list for PBXNativeTarget "PantryAppTests" */;
			buildPhases = (
				7ED517AC24BCB51E0023FB79 /* Sources */,
				7ED517AD24BCB51E0023FB79 /* Frameworks */,
				7ED517AE24BCB51E0023FB79 /* Resources */,
			);
			buildRules = (
			);
			dependencies = (
				7ED517B224BCB51E0023FB79 /* PBXTargetDependency */,
			);
			name = PantryAppTests;
			productName = PantryAppTests;
			productReference = 7ED517B024BCB51E0023FB79 /* PantryAppTests.xctest */;
			productType = "com.apple.product-type.bundle.unit-test";
		};
		7ED517BA24BCB51E0023FB79 /* PantryAppUITests */ = {
			isa = PBXNativeTarget;
			buildConfigurationList = 7ED517CA24BCB51E0023FB79 /* Build configuration list for PBXNativeTarget "PantryAppUITests" */;
			buildPhases = (
				7ED517B724BCB51E0023FB79 /* Sources */,
				7ED517B824BCB51E0023FB79 /* Frameworks */,
				7ED517B924BCB51E0023FB79 /* Resources */,
			);
			buildRules = (
			);
			dependencies = (
				7ED517BD24BCB51E0023FB79 /* PBXTargetDependency */,
			);
			name = PantryAppUITests;
			productName = PantryAppUITests;
			productReference = 7ED517BB24BCB51E0023FB79 /* PantryAppUITests.xctest */;
			productType = "com.apple.product-type.bundle.ui-testing";
		};
/* End PBXNativeTarget section */

/* Begin PBXProject section */
		7ED5178F24BCB51C0023FB79 /* Project object */ = {
			isa = PBXProject;
			attributes = {
				LastSwiftUpdateCheck = 1150;
				LastUpgradeCheck = 1150;
				ORGANIZATIONNAME = "Rahul Mewada";
				TargetAttributes = {
					7ED5179624BCB51C0023FB79 = {
						CreatedOnToolsVersion = 11.5;
					};
					7ED517AF24BCB51E0023FB79 = {
						CreatedOnToolsVersion = 11.5;
						TestTargetID = 7ED5179624BCB51C0023FB79;
					};
					7ED517BA24BCB51E0023FB79 = {
						CreatedOnToolsVersion = 11.5;
						TestTargetID = 7ED5179624BCB51C0023FB79;
					};
				};
			};
			buildConfigurationList = 7ED5179224BCB51C0023FB79 /* Build configuration list for PBXProject "PantryApp" */;
			compatibilityVersion = "Xcode 9.3";
			developmentRegion = en;
			hasScannedForEncodings = 0;
			knownRegions = (
				en,
				Base,
			);
			mainGroup = 7ED5178E24BCB51C0023FB79;
			packageReferences = (
				7E9751CB24CB824700298845 /* XCRemoteSwiftPackageReference "PopupView" */,
			);
			productRefGroup = 7ED5179824BCB51C0023FB79 /* Products */;
			projectDirPath = "";
			projectRoot = "";
			targets = (
				7ED5179624BCB51C0023FB79 /* PantryApp */,
				7ED517AF24BCB51E0023FB79 /* PantryAppTests */,
				7ED517BA24BCB51E0023FB79 /* PantryAppUITests */,
			);
		};
/* End PBXProject section */

/* Begin PBXResourcesBuildPhase section */
		7ED5179524BCB51C0023FB79 /* Resources */ = {
			isa = PBXResourcesBuildPhase;
			buildActionMask = 2147483647;
			files = (
				7ED517AA24BCB51E0023FB79 /* LaunchScreen.storyboard in Resources */,
				7ED517A724BCB51E0023FB79 /* Preview Assets.xcassets in Resources */,
				7ED517A424BCB51E0023FB79 /* Assets.xcassets in Resources */,
			);
			runOnlyForDeploymentPostprocessing = 0;
		};
		7ED517AE24BCB51E0023FB79 /* Resources */ = {
			isa = PBXResourcesBuildPhase;
			buildActionMask = 2147483647;
			files = (
			);
			runOnlyForDeploymentPostprocessing = 0;
		};
		7ED517B924BCB51E0023FB79 /* Resources */ = {
			isa = PBXResourcesBuildPhase;
			buildActionMask = 2147483647;
			files = (
			);
			runOnlyForDeploymentPostprocessing = 0;
		};
/* End PBXResourcesBuildPhase section */

/* Begin PBXSourcesBuildPhase section */
		7ED5179324BCB51C0023FB79 /* Sources */ = {
			isa = PBXSourcesBuildPhase;
			buildActionMask = 2147483647;
			files = (
				7ECAFF2424F72D6500B53F3A /* prepAndCookTimeDisplay.swift in Sources */,
				7E9751DA24CCADD800298845 /* expiresPicker.swift in Sources */,
				7E9751D424CCAB7F00298845 /* quantityPicker.swift in Sources */,
				7ECAFF2024F6F24100B53F3A /* AddRecipeView.swift in Sources */,
				7ED517CE24BCBE8E0023FB79 /* PantryModel.swift in Sources */,
				7ECAFF1C24F5745B00B53F3A /* fullHeader.swift in Sources */,
				7E9751D224CCAB4400298845 /* topBar.swift in Sources */,
				7ECAFF1E24F6E34200B53F3A /* viewRouter.swift in Sources */,
				7ECAFF2224F723A300B53F3A /* DurationPicker.swift in Sources */,
				7ED517A024BCB51C0023FB79 /* PantryApp.xcdatamodeld in Sources */,
				7ED5179B24BCB51C0023FB79 /* AppDelegate.swift in Sources */,
				7E4F34D124E9BC9E00F165DB /* homeHelloView.swift in Sources */,
				7E4F34D324EC4BDF00F165DB /* curvedTabBar.swift in Sources */,
				7ED517A224BCB51C0023FB79 /* HomeView.swift in Sources */,
				7E9751D824CCABF500298845 /* nameTextField.swift in Sources */,
				7ECAFF1A24F1C8E000B53F3A /* miniHeader.swift in Sources */,
				7E61CCAD24E201AE00BC1689 /* recurringPicker.swift in Sources */,
				7E9751DC24CCAE3200298845 /* categoryPicker.swift in Sources */,
				7E4F34CF24E4525B00F165DB /* SingleUnit.swift in Sources */,
				7E061EAD24C8CB0900F66269 /* IngredientDetailsView.swift in Sources */,
				7ED517D024BCFEE20023FB79 /* PantryViewModel.swift in Sources */,
				7E98452824BE17D200CC5309 /* ColorExtension.swift in Sources */,
				7ED5179D24BCB51C0023FB79 /* SceneDelegate.swift in Sources */,
				7E9751CF24CCAB0200298845 /* AddIngredientView.swift in Sources */,
				7E9751D624CCABB400298845 /* statusSelection.swift in Sources */,
				7E4F34D524EDE76500F165DB /* tabBar.swift in Sources */,
			);
			runOnlyForDeploymentPostprocessing = 0;
		};
		7ED517AC24BCB51E0023FB79 /* Sources */ = {
			isa = PBXSourcesBuildPhase;
			buildActionMask = 2147483647;
			files = (
				7ED517B524BCB51E0023FB79 /* PantryAppTests.swift in Sources */,
			);
			runOnlyForDeploymentPostprocessing = 0;
		};
		7ED517B724BCB51E0023FB79 /* Sources */ = {
			isa = PBXSourcesBuildPhase;
			buildActionMask = 2147483647;
			files = (
				7ED517C024BCB51E0023FB79 /* PantryAppUITests.swift in Sources */,
			);
			runOnlyForDeploymentPostprocessing = 0;
		};
/* End PBXSourcesBuildPhase section */

/* Begin PBXTargetDependency section */
		7ED517B224BCB51E0023FB79 /* PBXTargetDependency */ = {
			isa = PBXTargetDependency;
			target = 7ED5179624BCB51C0023FB79 /* PantryApp */;
			targetProxy = 7ED517B124BCB51E0023FB79 /* PBXContainerItemProxy */;
		};
		7ED517BD24BCB51E0023FB79 /* PBXTargetDependency */ = {
			isa = PBXTargetDependency;
			target = 7ED5179624BCB51C0023FB79 /* PantryApp */;
			targetProxy = 7ED517BC24BCB51E0023FB79 /* PBXContainerItemProxy */;
		};
/* End PBXTargetDependency section */

/* Begin PBXVariantGroup section */
		7ED517A824BCB51E0023FB79 /* LaunchScreen.storyboard */ = {
			isa = PBXVariantGroup;
			children = (
				7ED517A924BCB51E0023FB79 /* Base */,
			);
			name = LaunchScreen.storyboard;
			sourceTree = "<group>";
		};
/* End PBXVariantGroup section */

/* Begin XCBuildConfiguration section */
		7ED517C224BCB51E0023FB79 /* Debug */ = {
			isa = XCBuildConfiguration;
			buildSettings = {
				ALWAYS_SEARCH_USER_PATHS = NO;
				CLANG_ANALYZER_NONNULL = YES;
				CLANG_ANALYZER_NUMBER_OBJECT_CONVERSION = YES_AGGRESSIVE;
				CLANG_CXX_LANGUAGE_STANDARD = "gnu++14";
				CLANG_CXX_LIBRARY = "libc++";
				CLANG_ENABLE_MODULES = YES;
				CLANG_ENABLE_OBJC_ARC = YES;
				CLANG_ENABLE_OBJC_WEAK = YES;
				CLANG_WARN_BLOCK_CAPTURE_AUTORELEASING = YES;
				CLANG_WARN_BOOL_CONVERSION = YES;
				CLANG_WARN_COMMA = YES;
				CLANG_WARN_CONSTANT_CONVERSION = YES;
				CLANG_WARN_DEPRECATED_OBJC_IMPLEMENTATIONS = YES;
				CLANG_WARN_DIRECT_OBJC_ISA_USAGE = YES_ERROR;
				CLANG_WARN_DOCUMENTATION_COMMENTS = YES;
				CLANG_WARN_EMPTY_BODY = YES;
				CLANG_WARN_ENUM_CONVERSION = YES;
				CLANG_WARN_INFINITE_RECURSION = YES;
				CLANG_WARN_INT_CONVERSION = YES;
				CLANG_WARN_NON_LITERAL_NULL_CONVERSION = YES;
				CLANG_WARN_OBJC_IMPLICIT_RETAIN_SELF = YES;
				CLANG_WARN_OBJC_LITERAL_CONVERSION = YES;
				CLANG_WARN_OBJC_ROOT_CLASS = YES_ERROR;
				CLANG_WARN_RANGE_LOOP_ANALYSIS = YES;
				CLANG_WARN_STRICT_PROTOTYPES = YES;
				CLANG_WARN_SUSPICIOUS_MOVE = YES;
				CLANG_WARN_UNGUARDED_AVAILABILITY = YES_AGGRESSIVE;
				CLANG_WARN_UNREACHABLE_CODE = YES;
				CLANG_WARN__DUPLICATE_METHOD_MATCH = YES;
				COPY_PHASE_STRIP = NO;
				DEBUG_INFORMATION_FORMAT = dwarf;
				ENABLE_STRICT_OBJC_MSGSEND = YES;
				ENABLE_TESTABILITY = YES;
				GCC_C_LANGUAGE_STANDARD = gnu11;
				GCC_DYNAMIC_NO_PIC = NO;
				GCC_NO_COMMON_BLOCKS = YES;
				GCC_OPTIMIZATION_LEVEL = 0;
				GCC_PREPROCESSOR_DEFINITIONS = (
					"DEBUG=1",
					"$(inherited)",
				);
				GCC_WARN_64_TO_32_BIT_CONVERSION = YES;
				GCC_WARN_ABOUT_RETURN_TYPE = YES_ERROR;
				GCC_WARN_UNDECLARED_SELECTOR = YES;
				GCC_WARN_UNINITIALIZED_AUTOS = YES_AGGRESSIVE;
				GCC_WARN_UNUSED_FUNCTION = YES;
				GCC_WARN_UNUSED_VARIABLE = YES;
				IPHONEOS_DEPLOYMENT_TARGET = 13.5;
				MTL_ENABLE_DEBUG_INFO = INCLUDE_SOURCE;
				MTL_FAST_MATH = YES;
				ONLY_ACTIVE_ARCH = YES;
				SDKROOT = iphoneos;
				SWIFT_ACTIVE_COMPILATION_CONDITIONS = DEBUG;
				SWIFT_OPTIMIZATION_LEVEL = "-Onone";
			};
			name = Debug;
		};
		7ED517C324BCB51E0023FB79 /* Release */ = {
			isa = XCBuildConfiguration;
			buildSettings = {
				ALWAYS_SEARCH_USER_PATHS = NO;
				CLANG_ANALYZER_NONNULL = YES;
				CLANG_ANALYZER_NUMBER_OBJECT_CONVERSION = YES_AGGRESSIVE;
				CLANG_CXX_LANGUAGE_STANDARD = "gnu++14";
				CLANG_CXX_LIBRARY = "libc++";
				CLANG_ENABLE_MODULES = YES;
				CLANG_ENABLE_OBJC_ARC = YES;
				CLANG_ENABLE_OBJC_WEAK = YES;
				CLANG_WARN_BLOCK_CAPTURE_AUTORELEASING = YES;
				CLANG_WARN_BOOL_CONVERSION = YES;
				CLANG_WARN_COMMA = YES;
				CLANG_WARN_CONSTANT_CONVERSION = YES;
				CLANG_WARN_DEPRECATED_OBJC_IMPLEMENTATIONS = YES;
				CLANG_WARN_DIRECT_OBJC_ISA_USAGE = YES_ERROR;
				CLANG_WARN_DOCUMENTATION_COMMENTS = YES;
				CLANG_WARN_EMPTY_BODY = YES;
				CLANG_WARN_ENUM_CONVERSION = YES;
				CLANG_WARN_INFINITE_RECURSION = YES;
				CLANG_WARN_INT_CONVERSION = YES;
				CLANG_WARN_NON_LITERAL_NULL_CONVERSION = YES;
				CLANG_WARN_OBJC_IMPLICIT_RETAIN_SELF = YES;
				CLANG_WARN_OBJC_LITERAL_CONVERSION = YES;
				CLANG_WARN_OBJC_ROOT_CLASS = YES_ERROR;
				CLANG_WARN_RANGE_LOOP_ANALYSIS = YES;
				CLANG_WARN_STRICT_PROTOTYPES = YES;
				CLANG_WARN_SUSPICIOUS_MOVE = YES;
				CLANG_WARN_UNGUARDED_AVAILABILITY = YES_AGGRESSIVE;
				CLANG_WARN_UNREACHABLE_CODE = YES;
				CLANG_WARN__DUPLICATE_METHOD_MATCH = YES;
				COPY_PHASE_STRIP = NO;
				DEBUG_INFORMATION_FORMAT = "dwarf-with-dsym";
				ENABLE_NS_ASSERTIONS = NO;
				ENABLE_STRICT_OBJC_MSGSEND = YES;
				GCC_C_LANGUAGE_STANDARD = gnu11;
				GCC_NO_COMMON_BLOCKS = YES;
				GCC_WARN_64_TO_32_BIT_CONVERSION = YES;
				GCC_WARN_ABOUT_RETURN_TYPE = YES_ERROR;
				GCC_WARN_UNDECLARED_SELECTOR = YES;
				GCC_WARN_UNINITIALIZED_AUTOS = YES_AGGRESSIVE;
				GCC_WARN_UNUSED_FUNCTION = YES;
				GCC_WARN_UNUSED_VARIABLE = YES;
				IPHONEOS_DEPLOYMENT_TARGET = 13.5;
				MTL_ENABLE_DEBUG_INFO = NO;
				MTL_FAST_MATH = YES;
				SDKROOT = iphoneos;
				SWIFT_COMPILATION_MODE = wholemodule;
				SWIFT_OPTIMIZATION_LEVEL = "-O";
				VALIDATE_PRODUCT = YES;
			};
			name = Release;
		};
		7ED517C524BCB51E0023FB79 /* Debug */ = {
			isa = XCBuildConfiguration;
			buildSettings = {
				ASSETCATALOG_COMPILER_APPICON_NAME = AppIcon;
				CODE_SIGN_STYLE = Automatic;
				DEVELOPMENT_ASSET_PATHS = "\"PantryApp/Preview Content\"";
				ENABLE_PREVIEWS = YES;
				INFOPLIST_FILE = PantryApp/Info.plist;
				LD_RUNPATH_SEARCH_PATHS = (
					"$(inherited)",
					"@executable_path/Frameworks",
				);
				PRODUCT_BUNDLE_IDENTIFIER = "Rahul-Mewada.PantryApp";
				PRODUCT_NAME = "$(TARGET_NAME)";
				SWIFT_VERSION = 5.0;
				TARGETED_DEVICE_FAMILY = "1,2";
			};
			name = Debug;
		};
		7ED517C624BCB51E0023FB79 /* Release */ = {
			isa = XCBuildConfiguration;
			buildSettings = {
				ASSETCATALOG_COMPILER_APPICON_NAME = AppIcon;
				CODE_SIGN_STYLE = Automatic;
				DEVELOPMENT_ASSET_PATHS = "\"PantryApp/Preview Content\"";
				ENABLE_PREVIEWS = YES;
				INFOPLIST_FILE = PantryApp/Info.plist;
				LD_RUNPATH_SEARCH_PATHS = (
					"$(inherited)",
					"@executable_path/Frameworks",
				);
				PRODUCT_BUNDLE_IDENTIFIER = "Rahul-Mewada.PantryApp";
				PRODUCT_NAME = "$(TARGET_NAME)";
				SWIFT_VERSION = 5.0;
				TARGETED_DEVICE_FAMILY = "1,2";
			};
			name = Release;
		};
		7ED517C824BCB51E0023FB79 /* Debug */ = {
			isa = XCBuildConfiguration;
			buildSettings = {
				ALWAYS_EMBED_SWIFT_STANDARD_LIBRARIES = YES;
				BUNDLE_LOADER = "$(TEST_HOST)";
				CODE_SIGN_STYLE = Automatic;
				INFOPLIST_FILE = PantryAppTests/Info.plist;
				IPHONEOS_DEPLOYMENT_TARGET = 13.5;
				LD_RUNPATH_SEARCH_PATHS = (
					"$(inherited)",
					"@executable_path/Frameworks",
					"@loader_path/Frameworks",
				);
				PRODUCT_BUNDLE_IDENTIFIER = "Rahul-Mewada.PantryAppTests";
				PRODUCT_NAME = "$(TARGET_NAME)";
				SWIFT_VERSION = 5.0;
				TARGETED_DEVICE_FAMILY = "1,2";
				TEST_HOST = "$(BUILT_PRODUCTS_DIR)/PantryApp.app/PantryApp";
			};
			name = Debug;
		};
		7ED517C924BCB51E0023FB79 /* Release */ = {
			isa = XCBuildConfiguration;
			buildSettings = {
				ALWAYS_EMBED_SWIFT_STANDARD_LIBRARIES = YES;
				BUNDLE_LOADER = "$(TEST_HOST)";
				CODE_SIGN_STYLE = Automatic;
				INFOPLIST_FILE = PantryAppTests/Info.plist;
				IPHONEOS_DEPLOYMENT_TARGET = 13.5;
				LD_RUNPATH_SEARCH_PATHS = (
					"$(inherited)",
					"@executable_path/Frameworks",
					"@loader_path/Frameworks",
				);
				PRODUCT_BUNDLE_IDENTIFIER = "Rahul-Mewada.PantryAppTests";
				PRODUCT_NAME = "$(TARGET_NAME)";
				SWIFT_VERSION = 5.0;
				TARGETED_DEVICE_FAMILY = "1,2";
				TEST_HOST = "$(BUILT_PRODUCTS_DIR)/PantryApp.app/PantryApp";
			};
			name = Release;
		};
		7ED517CB24BCB51E0023FB79 /* Debug */ = {
			isa = XCBuildConfiguration;
			buildSettings = {
				ALWAYS_EMBED_SWIFT_STANDARD_LIBRARIES = YES;
				CODE_SIGN_STYLE = Automatic;
				INFOPLIST_FILE = PantryAppUITests/Info.plist;
				LD_RUNPATH_SEARCH_PATHS = (
					"$(inherited)",
					"@executable_path/Frameworks",
					"@loader_path/Frameworks",
				);
				PRODUCT_BUNDLE_IDENTIFIER = "Rahul-Mewada.PantryAppUITests";
				PRODUCT_NAME = "$(TARGET_NAME)";
				SWIFT_VERSION = 5.0;
				TARGETED_DEVICE_FAMILY = "1,2";
				TEST_TARGET_NAME = PantryApp;
			};
			name = Debug;
		};
		7ED517CC24BCB51E0023FB79 /* Release */ = {
			isa = XCBuildConfiguration;
			buildSettings = {
				ALWAYS_EMBED_SWIFT_STANDARD_LIBRARIES = YES;
				CODE_SIGN_STYLE = Automatic;
				INFOPLIST_FILE = PantryAppUITests/Info.plist;
				LD_RUNPATH_SEARCH_PATHS = (
					"$(inherited)",
					"@executable_path/Frameworks",
					"@loader_path/Frameworks",
				);
				PRODUCT_BUNDLE_IDENTIFIER = "Rahul-Mewada.PantryAppUITests";
				PRODUCT_NAME = "$(TARGET_NAME)";
				SWIFT_VERSION = 5.0;
				TARGETED_DEVICE_FAMILY = "1,2";
				TEST_TARGET_NAME = PantryApp;
			};
			name = Release;
		};
/* End XCBuildConfiguration section */

/* Begin XCConfigurationList section */
		7ED5179224BCB51C0023FB79 /* Build configuration list for PBXProject "PantryApp" */ = {
			isa = XCConfigurationList;
			buildConfigurations = (
				7ED517C224BCB51E0023FB79 /* Debug */,
				7ED517C324BCB51E0023FB79 /* Release */,
			);
			defaultConfigurationIsVisible = 0;
			defaultConfigurationName = Release;
		};
		7ED517C424BCB51E0023FB79 /* Build configuration list for PBXNativeTarget "PantryApp" */ = {
			isa = XCConfigurationList;
			buildConfigurations = (
				7ED517C524BCB51E0023FB79 /* Debug */,
				7ED517C624BCB51E0023FB79 /* Release */,
			);
			defaultConfigurationIsVisible = 0;
			defaultConfigurationName = Release;
		};
		7ED517C724BCB51E0023FB79 /* Build configuration list for PBXNativeTarget "PantryAppTests" */ = {
			isa = XCConfigurationList;
			buildConfigurations = (
				7ED517C824BCB51E0023FB79 /* Debug */,
				7ED517C924BCB51E0023FB79 /* Release */,
			);
			defaultConfigurationIsVisible = 0;
			defaultConfigurationName = Release;
		};
		7ED517CA24BCB51E0023FB79 /* Build configuration list for PBXNativeTarget "PantryAppUITests" */ = {
			isa = XCConfigurationList;
			buildConfigurations = (
				7ED517CB24BCB51E0023FB79 /* Debug */,
				7ED517CC24BCB51E0023FB79 /* Release */,
			);
			defaultConfigurationIsVisible = 0;
			defaultConfigurationName = Release;
		};
/* End XCConfigurationList section */

/* Begin XCRemoteSwiftPackageReference section */
		7E9751CB24CB824700298845 /* XCRemoteSwiftPackageReference "PopupView" */ = {
			isa = XCRemoteSwiftPackageReference;
			repositoryURL = "https://github.com/exyte/PopupView.git";
			requirement = {
				kind = upToNextMajorVersion;
				minimumVersion = 0.0.7;
			};
		};
/* End XCRemoteSwiftPackageReference section */

/* Begin XCSwiftPackageProductDependency section */
		7E9751CC24CB824700298845 /* PopupView */ = {
			isa = XCSwiftPackageProductDependency;
			package = 7E9751CB24CB824700298845 /* XCRemoteSwiftPackageReference "PopupView" */;
			productName = PopupView;
		};
/* End XCSwiftPackageProductDependency section */

/* Begin XCVersionGroup section */
		7ED5179E24BCB51C0023FB79 /* PantryApp.xcdatamodeld */ = {
			isa = XCVersionGroup;
			children = (
				7ED5179F24BCB51C0023FB79 /* PantryApp.xcdatamodel */,
			);
			currentVersion = 7ED5179F24BCB51C0023FB79 /* PantryApp.xcdatamodel */;
			path = PantryApp.xcdatamodeld;
			sourceTree = "<group>";
			versionGroupType = wrapper.xcdatamodel;
		};
/* End XCVersionGroup section */
	};
	rootObject = 7ED5178F24BCB51C0023FB79 /* Project object */;
}
